
Microsoft Visual Studio Solution File, Format Version 12.00
# Visual Studio 15
VisualStudioVersion = 15.0.28010.2026
MinimumVisualStudioVersion = 10.0.40219.1
Project("{FAE04EC0-301F-11D3-BF4B-00C04F79EFBC}") = "Client", "Client\Client.csproj", "{C685981D-3400-4AA2-BD2D-D4491B7C40D1}"
EndProject
Global
	GlobalSection(SolutionConfigurationPlatforms) = preSolution
		Debug|Any CPU = Debug|Any CPU
		Release|Any CPU = Release|Any CPU
	EndGlobalSection
	GlobalSection(ProjectConfigurationPlatforms) = postSolution
		{C685981D-3400-4AA2-BD2D-D4491B7C40D1}.Debug|Any CPU.ActiveCfg = Debug|Any CPU
		{C685981D-3400-4AA2-BD2D-D4491B7C40D1}.Debug|Any CPU.Build.0 = Debug|Any CPU
		{C685981D-3400-4AA2-BD2D-D4491B7C40D1}.Release|Any CPU.ActiveCfg = Release|Any CPU
		{C685981D-3400-4AA2-BD2D-D4491B7C40D1}.Release|Any CPU.Build.0 = Release|Any CPU
	EndGlobalSection
	GlobalSection(SolutionProperties) = preSolution
		HideSolutionNode = FALSE
	EndGlobalSection
	GlobalSection(ExtensibilityGlobals) = postSolution
		SolutionGuid = {BC82F4F4-F47D-4C06-9BBE-B89CAEF6F648}
	EndGlobalSection
EndGlobal
